
Microsoft Visual Studio Solution File, Format Version 12.00
Project("{FAE04EC0-301F-11D3-BF4B-00C04F79EFBC}") = "Factory", "src\Patterns\CreationalPatterns\Factory\Factory.csproj", "{0B3D77BB-0E9B-433F-B613-BCFD81AB1996}"
EndProject
Project("{FAE04EC0-301F-11D3-BF4B-00C04F79EFBC}") = "AbstractFactory", "src\Patterns\CreationalPatterns\AbstractFactory\AbstractFactory.csproj", "{7B1E7E61-8048-4BF8-86ED-4175696E5DA0}"
EndProject
Project("{FAE04EC0-301F-11D3-BF4B-00C04F79EFBC}") = "Builder", "src\Patterns\CreationalPatterns\Builder\Builder.csproj", "{E49FE575-800A-4FBF-B1CE-FE88D0C8D3E0}"
EndProject
Project("{FAE04EC0-301F-11D3-BF4B-00C04F79EFBC}") = "Prototype", "src\Patterns\CreationalPatterns\Prototype\Prototype.csproj", "{8CAED451-D42A-4239-974C-FABEE24BED2A}"
EndProject
Project("{FAE04EC0-301F-11D3-BF4B-00C04F79EFBC}") = "Singleton", "src\Patterns\CreationalPatterns\Singleton\Singleton.csproj", "{CFCA4284-2476-4A94-A0EE-6994E6A15BE5}"
EndProject
Project("{FAE04EC0-301F-11D3-BF4B-00C04F79EFBC}") = "Strategy", "src\Patterns\BehavioralPatterns\Strategy\Strategy.csproj", "{CD616129-BA49-4F81-9844-CB41DA7E340A}"
EndProject
Project("{FAE04EC0-301F-11D3-BF4B-00C04F79EFBC}") = "Observer", "src\Patterns\BehavioralPatterns\Observer\Observer.csproj", "{701E7518-1EA5-401C-9649-B61FF26F7BCF}"
EndProject
Project("{FAE04EC0-301F-11D3-BF4B-00C04F79EFBC}") = "Template", "src\Patterns\BehavioralPatterns\Template\Template.csproj", "{41980333-011A-423E-9927-8AF17F1BB24F}"
EndProject
Project("{FAE04EC0-301F-11D3-BF4B-00C04F79EFBC}") = "State", "src\Patterns\BehavioralPatterns\State\State.csproj", "{412B81DF-441A-4625-A3DF-6A6D1693CD9B}"
EndProject
Project("{FAE04EC0-301F-11D3-BF4B-00C04F79EFBC}") = "Iterator", "src\Patterns\BehavioralPatterns\Iterator\Iterator.csproj", "{DD876F14-4C11-45DC-846A-95D107EF1B97}"
EndProject
Project("{FAE04EC0-301F-11D3-BF4B-00C04F79EFBC}") = "ChainOfResponsibility", "src\Patterns\BehavioralPatterns\ChainOfResponsibility\ChainOfResponsibility.csproj", "{F856DC77-1A51-42B6-A7D7-F7637C3108EB}"
EndProject
Project("{FAE04EC0-301F-11D3-BF4B-00C04F79EFBC}") = "Command", "src\Patterns\BehavioralPatterns\Command\Command.csproj", "{F60AEAAE-2F8B-4020-BDA2-D475440ACF59}"
EndProject
Project("{FAE04EC0-301F-11D3-BF4B-00C04F79EFBC}") = "Mediator", "src\Patterns\BehavioralPatterns\Mediator\Mediator.csproj", "{562722E3-AA94-491B-AF70-EF888D92EE0A}"
EndProject
Project("{FAE04EC0-301F-11D3-BF4B-00C04F79EFBC}") = "Memento", "src\Patterns\BehavioralPatterns\Memento\Memento.csproj", "{57F5DE60-D710-4D75-B5E9-3061E92BB99E}"
EndProject
Project("{FAE04EC0-301F-11D3-BF4B-00C04F79EFBC}") = "Visitor", "src\Patterns\BehavioralPatterns\Visitor\Visitor.csproj", "{23804DEE-D67E-4208-B0A8-3C6CD54DA261}"
EndProject
Project("{FAE04EC0-301F-11D3-BF4B-00C04F79EFBC}") = "Adapter", "src\Patterns\StructuralPatterns\Adapter\Adapter.csproj", "{00B2488E-CB60-46EB-AFD8-AA03A2D80C51}"
EndProject
Project("{FAE04EC0-301F-11D3-BF4B-00C04F79EFBC}") = "Decorator", "src\Patterns\StructuralPatterns\Decorator\Decorator.csproj", "{7B3EF455-EBDC-430E-9570-8D22CA44363A}"
EndProject
Project("{FAE04EC0-301F-11D3-BF4B-00C04F79EFBC}") = "Composite", "src\Patterns\StructuralPatterns\Composite\Composite.csproj", "{1671A995-EC4F-4B04-8FF3-CA9F1744743B}"
EndProject
Project("{FAE04EC0-301F-11D3-BF4B-00C04F79EFBC}") = "Facade", "src\Patterns\StructuralPatterns\Facade\Facade.csproj", "{7E365C7C-0AD5-4230-B72F-CD0B62914C09}"
EndProject
Project("{FAE04EC0-301F-11D3-BF4B-00C04F79EFBC}") = "Bridge", "src\Patterns\StructuralPatterns\Bridge\Bridge.csproj", "{7FE1D233-D34C-4C12-A534-6A89F7291507}"
EndProject
Project("{FAE04EC0-301F-11D3-BF4B-00C04F79EFBC}") = "Flyweight", "src\Patterns\StructuralPatterns\Flyweight\Flyweight.csproj", "{9747EBAB-6AE3-4671-9B6A-69B0C6814CAD}"
EndProject
Global
	GlobalSection(SolutionConfigurationPlatforms) = preSolution
		Debug|Any CPU = Debug|Any CPU
		Release|Any CPU = Release|Any CPU
	EndGlobalSection
	GlobalSection(ProjectConfigurationPlatforms) = postSolution
		{0B3D77BB-0E9B-433F-B613-BCFD81AB1996}.Debug|Any CPU.ActiveCfg = Debug|Any CPU
		{0B3D77BB-0E9B-433F-B613-BCFD81AB1996}.Debug|Any CPU.Build.0 = Debug|Any CPU
		{0B3D77BB-0E9B-433F-B613-BCFD81AB1996}.Release|Any CPU.ActiveCfg = Release|Any CPU
		{0B3D77BB-0E9B-433F-B613-BCFD81AB1996}.Release|Any CPU.Build.0 = Release|Any CPU
		{7B1E7E61-8048-4BF8-86ED-4175696E5DA0}.Debug|Any CPU.ActiveCfg = Debug|Any CPU
		{7B1E7E61-8048-4BF8-86ED-4175696E5DA0}.Debug|Any CPU.Build.0 = Debug|Any CPU
		{7B1E7E61-8048-4BF8-86ED-4175696E5DA0}.Release|Any CPU.ActiveCfg = Release|Any CPU
		{7B1E7E61-8048-4BF8-86ED-4175696E5DA0}.Release|Any CPU.Build.0 = Release|Any CPU
		{E49FE575-800A-4FBF-B1CE-FE88D0C8D3E0}.Debug|Any CPU.ActiveCfg = Debug|Any CPU
		{E49FE575-800A-4FBF-B1CE-FE88D0C8D3E0}.Debug|Any CPU.Build.0 = Debug|Any CPU
		{E49FE575-800A-4FBF-B1CE-FE88D0C8D3E0}.Release|Any CPU.ActiveCfg = Release|Any CPU
		{E49FE575-800A-4FBF-B1CE-FE88D0C8D3E0}.Release|Any CPU.Build.0 = Release|Any CPU
		{8CAED451-D42A-4239-974C-FABEE24BED2A}.Debug|Any CPU.ActiveCfg = Debug|Any CPU
		{8CAED451-D42A-4239-974C-FABEE24BED2A}.Debug|Any CPU.Build.0 = Debug|Any CPU
		{8CAED451-D42A-4239-974C-FABEE24BED2A}.Release|Any CPU.ActiveCfg = Release|Any CPU
		{8CAED451-D42A-4239-974C-FABEE24BED2A}.Release|Any CPU.Build.0 = Release|Any CPU
		{CFCA4284-2476-4A94-A0EE-6994E6A15BE5}.Debug|Any CPU.ActiveCfg = Debug|Any CPU
		{CFCA4284-2476-4A94-A0EE-6994E6A15BE5}.Debug|Any CPU.Build.0 = Debug|Any CPU
		{CFCA4284-2476-4A94-A0EE-6994E6A15BE5}.Release|Any CPU.ActiveCfg = Release|Any CPU
		{CFCA4284-2476-4A94-A0EE-6994E6A15BE5}.Release|Any CPU.Build.0 = Release|Any CPU
		{CD616129-BA49-4F81-9844-CB41DA7E340A}.Debug|Any CPU.ActiveCfg = Debug|Any CPU
		{CD616129-BA49-4F81-9844-CB41DA7E340A}.Debug|Any CPU.Build.0 = Debug|Any CPU
		{CD616129-BA49-4F81-9844-CB41DA7E340A}.Release|Any CPU.ActiveCfg = Release|Any CPU
		{CD616129-BA49-4F81-9844-CB41DA7E340A}.Release|Any CPU.Build.0 = Release|Any CPU
		{701E7518-1EA5-401C-9649-B61FF26F7BCF}.Debug|Any CPU.ActiveCfg = Debug|Any CPU
		{701E7518-1EA5-401C-9649-B61FF26F7BCF}.Debug|Any CPU.Build.0 = Debug|Any CPU
		{701E7518-1EA5-401C-9649-B61FF26F7BCF}.Release|Any CPU.ActiveCfg = Release|Any CPU
		{701E7518-1EA5-401C-9649-B61FF26F7BCF}.Release|Any CPU.Build.0 = Release|Any CPU
		{41980333-011A-423E-9927-8AF17F1BB24F}.Debug|Any CPU.ActiveCfg = Debug|Any CPU
		{41980333-011A-423E-9927-8AF17F1BB24F}.Debug|Any CPU.Build.0 = Debug|Any CPU
		{41980333-011A-423E-9927-8AF17F1BB24F}.Release|Any CPU.ActiveCfg = Release|Any CPU
		{41980333-011A-423E-9927-8AF17F1BB24F}.Release|Any CPU.Build.0 = Release|Any CPU
		{412B81DF-441A-4625-A3DF-6A6D1693CD9B}.Debug|Any CPU.ActiveCfg = Debug|Any CPU
		{412B81DF-441A-4625-A3DF-6A6D1693CD9B}.Debug|Any CPU.Build.0 = Debug|Any CPU
		{412B81DF-441A-4625-A3DF-6A6D1693CD9B}.Release|Any CPU.ActiveCfg = Release|Any CPU
		{412B81DF-441A-4625-A3DF-6A6D1693CD9B}.Release|Any CPU.Build.0 = Release|Any CPU
		{DD876F14-4C11-45DC-846A-95D107EF1B97}.Debug|Any CPU.ActiveCfg = Debug|Any CPU
		{DD876F14-4C11-45DC-846A-95D107EF1B97}.Debug|Any CPU.Build.0 = Debug|Any CPU
		{DD876F14-4C11-45DC-846A-95D107EF1B97}.Release|Any CPU.ActiveCfg = Release|Any CPU
		{DD876F14-4C11-45DC-846A-95D107EF1B97}.Release|Any CPU.Build.0 = Release|Any CPU
		{F856DC77-1A51-42B6-A7D7-F7637C3108EB}.Debug|Any CPU.ActiveCfg = Debug|Any CPU
		{F856DC77-1A51-42B6-A7D7-F7637C3108EB}.Debug|Any CPU.Build.0 = Debug|Any CPU
		{F856DC77-1A51-42B6-A7D7-F7637C3108EB}.Release|Any CPU.ActiveCfg = Release|Any CPU
		{F856DC77-1A51-42B6-A7D7-F7637C3108EB}.Release|Any CPU.Build.0 = Release|Any CPU
		{F60AEAAE-2F8B-4020-BDA2-D475440ACF59}.Debug|Any CPU.ActiveCfg = Debug|Any CPU
		{F60AEAAE-2F8B-4020-BDA2-D475440ACF59}.Debug|Any CPU.Build.0 = Debug|Any CPU
		{F60AEAAE-2F8B-4020-BDA2-D475440ACF59}.Release|Any CPU.ActiveCfg = Release|Any CPU
		{F60AEAAE-2F8B-4020-BDA2-D475440ACF59}.Release|Any CPU.Build.0 = Release|Any CPU
		{562722E3-AA94-491B-AF70-EF888D92EE0A}.Debug|Any CPU.ActiveCfg = Debug|Any CPU
		{562722E3-AA94-491B-AF70-EF888D92EE0A}.Debug|Any CPU.Build.0 = Debug|Any CPU
		{562722E3-AA94-491B-AF70-EF888D92EE0A}.Release|Any CPU.ActiveCfg = Release|Any CPU
		{562722E3-AA94-491B-AF70-EF888D92EE0A}.Release|Any CPU.Build.0 = Release|Any CPU
		{57F5DE60-D710-4D75-B5E9-3061E92BB99E}.Debug|Any CPU.ActiveCfg = Debug|Any CPU
		{57F5DE60-D710-4D75-B5E9-3061E92BB99E}.Debug|Any CPU.Build.0 = Debug|Any CPU
		{57F5DE60-D710-4D75-B5E9-3061E92BB99E}.Release|Any CPU.ActiveCfg = Release|Any CPU
		{57F5DE60-D710-4D75-B5E9-3061E92BB99E}.Release|Any CPU.Build.0 = Release|Any CPU
		{23804DEE-D67E-4208-B0A8-3C6CD54DA261}.Debug|Any CPU.ActiveCfg = Debug|Any CPU
		{23804DEE-D67E-4208-B0A8-3C6CD54DA261}.Debug|Any CPU.Build.0 = Debug|Any CPU
		{23804DEE-D67E-4208-B0A8-3C6CD54DA261}.Release|Any CPU.ActiveCfg = Release|Any CPU
		{23804DEE-D67E-4208-B0A8-3C6CD54DA261}.Release|Any CPU.Build.0 = Release|Any CPU
		{00B2488E-CB60-46EB-AFD8-AA03A2D80C51}.Debug|Any CPU.ActiveCfg = Debug|Any CPU
		{00B2488E-CB60-46EB-AFD8-AA03A2D80C51}.Debug|Any CPU.Build.0 = Debug|Any CPU
		{00B2488E-CB60-46EB-AFD8-AA03A2D80C51}.Release|Any CPU.ActiveCfg = Release|Any CPU
		{00B2488E-CB60-46EB-AFD8-AA03A2D80C51}.Release|Any CPU.Build.0 = Release|Any CPU
		{7B3EF455-EBDC-430E-9570-8D22CA44363A}.Debug|Any CPU.ActiveCfg = Debug|Any CPU
		{7B3EF455-EBDC-430E-9570-8D22CA44363A}.Debug|Any CPU.Build.0 = Debug|Any CPU
		{7B3EF455-EBDC-430E-9570-8D22CA44363A}.Release|Any CPU.ActiveCfg = Release|Any CPU
		{7B3EF455-EBDC-430E-9570-8D22CA44363A}.Release|Any CPU.Build.0 = Release|Any CPU
		{1671A995-EC4F-4B04-8FF3-CA9F1744743B}.Debug|Any CPU.ActiveCfg = Debug|Any CPU
		{1671A995-EC4F-4B04-8FF3-CA9F1744743B}.Debug|Any CPU.Build.0 = Debug|Any CPU
		{1671A995-EC4F-4B04-8FF3-CA9F1744743B}.Release|Any CPU.ActiveCfg = Release|Any CPU
		{1671A995-EC4F-4B04-8FF3-CA9F1744743B}.Release|Any CPU.Build.0 = Release|Any CPU
		{7E365C7C-0AD5-4230-B72F-CD0B62914C09}.Debug|Any CPU.ActiveCfg = Debug|Any CPU
		{7E365C7C-0AD5-4230-B72F-CD0B62914C09}.Debug|Any CPU.Build.0 = Debug|Any CPU
		{7E365C7C-0AD5-4230-B72F-CD0B62914C09}.Release|Any CPU.ActiveCfg = Release|Any CPU
		{7E365C7C-0AD5-4230-B72F-CD0B62914C09}.Release|Any CPU.Build.0 = Release|Any CPU
		{7FE1D233-D34C-4C12-A534-6A89F7291507}.Debug|Any CPU.ActiveCfg = Debug|Any CPU
		{7FE1D233-D34C-4C12-A534-6A89F7291507}.Debug|Any CPU.Build.0 = Debug|Any CPU
		{7FE1D233-D34C-4C12-A534-6A89F7291507}.Release|Any CPU.ActiveCfg = Release|Any CPU
		{7FE1D233-D34C-4C12-A534-6A89F7291507}.Release|Any CPU.Build.0 = Release|Any CPU
		{9747EBAB-6AE3-4671-9B6A-69B0C6814CAD}.Debug|Any CPU.ActiveCfg = Debug|Any CPU
		{9747EBAB-6AE3-4671-9B6A-69B0C6814CAD}.Debug|Any CPU.Build.0 = Debug|Any CPU
		{9747EBAB-6AE3-4671-9B6A-69B0C6814CAD}.Release|Any CPU.ActiveCfg = Release|Any CPU
		{9747EBAB-6AE3-4671-9B6A-69B0C6814CAD}.Release|Any CPU.Build.0 = Release|Any CPU
	EndGlobalSection
EndGlobal
